
Microsoft Visual Studio Solution File, Format Version 12.00
# Visual Studio Version 17
VisualStudioVersion = 17.4.33110.190
MinimumVisualStudioVersion = 10.0.40219.1
Project("{FAE04EC0-301F-11D3-BF4B-00C04F79EFBC}") = "Dec1", "Dec1\Dec1.csproj", "{4C8C6417-A495-4DCF-A94A-CF9D946508BC}"
EndProject
Global
	GlobalSection(SolutionConfigurationPlatforms) = preSolution
		Debug|Any CPU = Debug|Any CPU
		Release|Any CPU = Release|Any CPU
	EndGlobalSection
	GlobalSection(ProjectConfigurationPlatforms) = postSolution
		{4C8C6417-A495-4DCF-A94A-CF9D946508BC}.Debug|Any CPU.ActiveCfg = Debug|Any CPU
		{4C8C6417-A495-4DCF-A94A-CF9D946508BC}.Debug|Any CPU.Build.0 = Debug|Any CPU
		{4C8C6417-A495-4DCF-A94A-CF9D946508BC}.Release|Any CPU.ActiveCfg = Release|Any CPU
		{4C8C6417-A495-4DCF-A94A-CF9D946508BC}.Release|Any CPU.Build.0 = Release|Any CPU
	EndGlobalSection
	GlobalSection(SolutionProperties) = preSolution
		HideSolutionNode = FALSE
	EndGlobalSection
	GlobalSection(ExtensibilityGlobals) = postSolution
		SolutionGuid = {14166999-A21D-4150-8030-6A6916EE4A15}
	EndGlobalSection
EndGlobal
